
Microsoft Visual Studio Solution File, Format Version 12.00
# Visual Studio Version 17
VisualStudioVersion = 17.14.36518.9 d17.14
MinimumVisualStudioVersion = 10.0.40219.1
Project("{FAE04EC0-301F-11D3-BF4B-00C04F79EFBC}") = "PL", "PL\PL.csproj", "{2C5884C7-6575-44CE-97C1-0976686CB1C2}"
EndProject
Project("{FAE04EC0-301F-11D3-BF4B-00C04F79EFBC}") = "DAL", "DAL\DAL.csproj", "{E1AC1764-C416-49F0-A547-CFBA49F4F087}"
EndProject
Project("{FAE04EC0-301F-11D3-BF4B-00C04F79EFBC}") = "BL", "BL\BL.csproj", "{250A1C4C-8219-4D45-AEC5-1AA789EBFA66}"
EndProject
Project("{FAE04EC0-301F-11D3-BF4B-00C04F79EFBC}") = "Models", "Models\Models.csproj", "{3CFA2181-7320-4C57-9CD5-5D573B2FC75D}"
EndProject
Global
	GlobalSection(SolutionConfigurationPlatforms) = preSolution
		Debug|Any CPU = Debug|Any CPU
		Release|Any CPU = Release|Any CPU
	EndGlobalSection
	GlobalSection(ProjectConfigurationPlatforms) = postSolution
		{2C5884C7-6575-44CE-97C1-0976686CB1C2}.Debug|Any CPU.ActiveCfg = Debug|Any CPU
		{2C5884C7-6575-44CE-97C1-0976686CB1C2}.Debug|Any CPU.Build.0 = Debug|Any CPU
		{2C5884C7-6575-44CE-97C1-0976686CB1C2}.Release|Any CPU.ActiveCfg = Release|Any CPU
		{2C5884C7-6575-44CE-97C1-0976686CB1C2}.Release|Any CPU.Build.0 = Release|Any CPU
		{E1AC1764-C416-49F0-A547-CFBA49F4F087}.Debug|Any CPU.ActiveCfg = Debug|Any CPU
		{E1AC1764-C416-49F0-A547-CFBA49F4F087}.Debug|Any CPU.Build.0 = Debug|Any CPU
		{E1AC1764-C416-49F0-A547-CFBA49F4F087}.Release|Any CPU.ActiveCfg = Release|Any CPU
		{E1AC1764-C416-49F0-A547-CFBA49F4F087}.Release|Any CPU.Build.0 = Release|Any CPU
		{250A1C4C-8219-4D45-AEC5-1AA789EBFA66}.Debug|Any CPU.ActiveCfg = Debug|Any CPU
		{250A1C4C-8219-4D45-AEC5-1AA789EBFA66}.Debug|Any CPU.Build.0 = Debug|Any CPU
		{250A1C4C-8219-4D45-AEC5-1AA789EBFA66}.Release|Any CPU.ActiveCfg = Release|Any CPU
		{250A1C4C-8219-4D45-AEC5-1AA789EBFA66}.Release|Any CPU.Build.0 = Release|Any CPU
		{3CFA2181-7320-4C57-9CD5-5D573B2FC75D}.Debug|Any CPU.ActiveCfg = Debug|Any CPU
		{3CFA2181-7320-4C57-9CD5-5D573B2FC75D}.Debug|Any CPU.Build.0 = Debug|Any CPU
		{3CFA2181-7320-4C57-9CD5-5D573B2FC75D}.Release|Any CPU.ActiveCfg = Release|Any CPU
		{3CFA2181-7320-4C57-9CD5-5D573B2FC75D}.Release|Any CPU.Build.0 = Release|Any CPU
	EndGlobalSection
	GlobalSection(SolutionProperties) = preSolution
		HideSolutionNode = FALSE
	EndGlobalSection
	GlobalSection(ExtensibilityGlobals) = postSolution
		SolutionGuid = {9A39A4F9-D12C-4F35-985A-CD7373B4567D}
	EndGlobalSection
EndGlobal
